
Microsoft Visual Studio Solution File, Format Version 12.00
Project("{FAE04EC0-301F-11D3-BF4B-00C04F79EFBC}") = "AuthMiniProject", "AuthMiniProject\AuthMiniProject.csproj", "{0026322D-50A6-4F62-A446-A0679CDF6846}"
EndProject
Global
	GlobalSection(SolutionConfigurationPlatforms) = preSolution
		Debug|Any CPU = Debug|Any CPU
		Release|Any CPU = Release|Any CPU
	EndGlobalSection
	GlobalSection(ProjectConfigurationPlatforms) = postSolution
		{0026322D-50A6-4F62-A446-A0679CDF6846}.Debug|Any CPU.ActiveCfg = Debug|Any CPU
		{0026322D-50A6-4F62-A446-A0679CDF6846}.Debug|Any CPU.Build.0 = Debug|Any CPU
		{0026322D-50A6-4F62-A446-A0679CDF6846}.Release|Any CPU.ActiveCfg = Release|Any CPU
		{0026322D-50A6-4F62-A446-A0679CDF6846}.Release|Any CPU.Build.0 = Release|Any CPU
	EndGlobalSection
EndGlobal
